<Solution><Project Path="src/GManager.Client.Domain/GManager.Client.Domain.csproj"/><Project Path="src/GManager.Client.Protocol/GManager.Client.Protocol.csproj"/><Project Path="src/GManager.Client.Service/GManager.Client.Service.csproj"/><Project Path="src/GManager.Client.Shell/GManager.Client.Shell.csproj"/><Project Path="tests/GManager.Client.Tests/GManager.Client.Tests.csproj"/></Solution>
